{
  "name": "uni-shop",
  "version": "1.0.0",
  "lockfileVersion": 1,
  "requires": true,
  "dependencies": {
    "@better-scroll/core": {
      "version": "2.4.2",
      "resolved": "https://registry.nlark.com/@better-scroll/core/download/@better-scroll/core-2.4.2.tgz?cache=0&sync_timestamp=1627914727436&other_urls=https%3A%2F%2Fregistry.nlark.com%2F%40better-scroll%2Fcore%2Fdownload%2F%40better-scroll%2Fcore-2.4.2.tgz",
      "integrity": "sha1-5pRwAS15kjoYA0w+STFyD7sG6uU=",
      "requires": {
        "@better-scroll/shared-utils": "^2.4.2"
      }
    },
    "@better-scroll/indicators": {
      "version": "2.4.2",
      "resolved": "https://registry.nlark.com/@better-scroll/indicators/download/@better-scroll/indicators-2.4.2.tgz",
      "integrity": "sha1-nHJkenZOVA8/81aTfFTYLHcceKo=",
      "requires": {
        "@better-scroll/core": "^2.4.2"
      }
    },
    "@better-scroll/infinity": {
      "version": "2.4.2",
      "resolved": "https://registry.nlark.com/@better-scroll/infinity/download/@better-scroll/infinity-2.4.2.tgz",
      "integrity": "sha1-gsPmFVX+rx04gs+jXusczgn5Hhs=",
      "requires": {
        "@better-scroll/core": "^2.4.2"
      }
    },
    "@better-scroll/mouse-wheel": {
      "version": "2.4.2",
      "resolved": "https://registry.nlark.com/@better-scroll/mouse-wheel/download/@better-scroll/mouse-wheel-2.4.2.tgz",
      "integrity": "sha1-3qcKYNwqN5XvatVp0t6ltMfpr0w=",
      "requires": {
        "@better-scroll/core": "^2.4.2"
      }
    },
    "@better-scroll/movable": {
      "version": "2.4.2",
      "resolved": "https://registry.nlark.com/@better-scroll/movable/download/@better-scroll/movable-2.4.2.tgz",
      "integrity": "sha1-84XmXSPOogMf3cUt1OtPUr1fxOc=",
      "requires": {
        "@better-scroll/core": "^2.4.2"
      }
    },
    "@better-scroll/nested-scroll": {
      "version": "2.4.2",
      "resolved": "https://registry.nlark.com/@better-scroll/nested-scroll/download/@better-scroll/nested-scroll-2.4.2.tgz",
      "integrity": "sha1-RGgPSwIXZGElDmvm2V8qxhaaHJg=",
      "requires": {
        "@better-scroll/core": "^2.4.2"
      }
    },
    "@better-scroll/observe-dom": {
      "version": "2.4.2",
      "resolved": "https://registry.nlark.com/@better-scroll/observe-dom/download/@better-scroll/observe-dom-2.4.2.tgz",
      "integrity": "sha1-zB5tgqj1NSXCgsmkvOpdG+jCHJU=",
      "requires": {
        "@better-scroll/core": "^2.4.2"
      }
    },
    "@better-scroll/observe-image": {
      "version": "2.4.2",
      "resolved": "https://registry.nlark.com/@better-scroll/observe-image/download/@better-scroll/observe-image-2.4.2.tgz",
      "integrity": "sha1-tuVdIx0Lslcduxh3jaks+93i3VQ=",
      "requires": {
        "@better-scroll/core": "^2.4.2"
      }
    },
    "@better-scroll/pull-down": {
      "version": "2.4.2",
      "resolved": "https://registry.nlark.com/@better-scroll/pull-down/download/@better-scroll/pull-down-2.4.2.tgz",
      "integrity": "sha1-a5iyi9c+m2lLCFepxzh55wM5y5Y=",
      "requires": {
        "@better-scroll/core": "^2.4.2"
      }
    },
    "@better-scroll/pull-up": {
      "version": "2.4.2",
      "resolved": "https://registry.nlark.com/@better-scroll/pull-up/download/@better-scroll/pull-up-2.4.2.tgz",
      "integrity": "sha1-JTV87ve6x1IJMPBjGJa2OhD4Km8=",
      "requires": {
        "@better-scroll/core": "^2.4.2"
      }
    },
    "@better-scroll/scroll-bar": {
      "version": "2.4.2",
      "resolved": "https://registry.nlark.com/@better-scroll/scroll-bar/download/@better-scroll/scroll-bar-2.4.2.tgz",
      "integrity": "sha1-JXhWodon1l64mawm8BBgr7+AC9s=",
      "requires": {
        "@better-scroll/core": "^2.4.2"
      }
    },
    "@better-scroll/shared-utils": {
      "version": "2.4.2",
      "resolved": "https://registry.nlark.com/@better-scroll/shared-utils/download/@better-scroll/shared-utils-2.4.2.tgz",
      "integrity": "sha1-GsXJdJVycJOiKoAJVgeV3V48GNo="
    },
    "@better-scroll/slide": {
      "version": "2.4.2",
      "resolved": "https://registry.nlark.com/@better-scroll/slide/download/@better-scroll/slide-2.4.2.tgz?cache=0&sync_timestamp=1627914745796&other_urls=https%3A%2F%2Fregistry.nlark.com%2F%40better-scroll%2Fslide%2Fdownload%2F%40better-scroll%2Fslide-2.4.2.tgz",
      "integrity": "sha1-AkUorldRai7pm+o0Y4FYnk5qA5w=",
      "requires": {
        "@better-scroll/core": "^2.4.2"
      }
    },
    "@better-scroll/wheel": {
      "version": "2.4.2",
      "resolved": "https://registry.nlark.com/@better-scroll/wheel/download/@better-scroll/wheel-2.4.2.tgz",
      "integrity": "sha1-DddLA1meAagtVdKfbcrXqKUDvXU=",
      "requires": {
        "@better-scroll/core": "^2.4.2"
      }
    },
    "@better-scroll/zoom": {
      "version": "2.4.2",
      "resolved": "https://registry.nlark.com/@better-scroll/zoom/download/@better-scroll/zoom-2.4.2.tgz",
      "integrity": "sha1-wmwt8zEu11sx8CA8Xy5hgavAbF4=",
      "requires": {
        "@better-scroll/core": "^2.4.2"
      }
    },
    "animate.css": {
      "version": "4.1.1",
      "resolved": "https://registry.npm.taobao.org/animate.css/download/animate.css-4.1.1.tgz",
      "integrity": "sha1-YU7FqBEx1+TcNipYFD90BqvWgHU=",
      "dev": true
    },
    "axios": {
      "version": "0.24.0",
      "resolved": "https://registry.npmmirror.com/axios/download/axios-0.24.0.tgz",
      "integrity": "sha1-gE5voeS5xSiFAd2d/1anoJQNINY=",
      "dev": true,
      "requires": {
        "follow-redirects": "^1.14.4"
      }
    },
    "better-scroll": {
      "version": "2.4.2",
      "resolved": "https://registry.nlark.com/better-scroll/download/better-scroll-2.4.2.tgz?cache=0&sync_timestamp=1627912493864&other_urls=https%3A%2F%2Fregistry.nlark.com%2Fbetter-scroll%2Fdownload%2Fbetter-scroll-2.4.2.tgz",
      "integrity": "sha1-dJaxQxDu2WnaTbX/H6M+oDLU7xg=",
      "requires": {
        "@better-scroll/core": "^2.4.2",
        "@better-scroll/indicators": "^2.4.2",
        "@better-scroll/infinity": "^2.4.2",
        "@better-scroll/mouse-wheel": "^2.4.2",
        "@better-scroll/movable": "^2.4.2",
        "@better-scroll/nested-scroll": "^2.4.2",
        "@better-scroll/observe-dom": "^2.4.2",
        "@better-scroll/observe-image": "^2.4.2",
        "@better-scroll/pull-down": "^2.4.2",
        "@better-scroll/pull-up": "^2.4.2",
        "@better-scroll/scroll-bar": "^2.4.2",
        "@better-scroll/slide": "^2.4.2",
        "@better-scroll/wheel": "^2.4.2",
        "@better-scroll/zoom": "^2.4.2"
      }
    },
    "follow-redirects": {
      "version": "1.14.4",
      "resolved": "https://registry.nlark.com/follow-redirects/download/follow-redirects-1.14.4.tgz?cache=0&sync_timestamp=1631622206750&other_urls=https%3A%2F%2Fregistry.nlark.com%2Ffollow-redirects%2Fdownload%2Ffollow-redirects-1.14.4.tgz",
      "integrity": "sha1-g4/fSKi73XnlLuUfsclOPtmLk3k=",
      "dev": true
    }
  }
}
